{
  "name": "project-assets",
  "version": "0.0.0",
  "dependencies": {
    "bluebird": {
      "version": "2.9.33",
      "from": "bluebird@2.9.33"
    },
    "classnames": {
      "version": "1.2.2",
      "from": "classnames@1.2.2"
    },
    "clone-deep": {
      "version": "0.2.0",
      "from": "clone-deep@0.2.0",
      "dependencies": {
        "for-own": {
          "version": "0.1.3",
          "from": "for-own@0.1.3",
          "dependencies": {
            "for-in": {
              "version": "0.1.4",
              "from": "for-in@0.1.4"
            }
          }
        },
        "is-plain-object": {
          "version": "2.0.1",
          "from": "is-plain-object@2.0.1",
          "dependencies": {
            "isobject": {
              "version": "1.0.2",
              "from": "isobject@1.0.2"
            }
          }
        },
        "kind-of": {
          "version": "2.0.0",
          "from": "kind-of@2.0.0"
        },
        "mixin-object": {
          "version": "1.0.0",
          "from": "mixin-object@1.0.0",
          "dependencies": {
            "for-in": {
              "version": "0.1.4",
              "from": "for-in@0.1.4"
            },
            "is-plain-object": {
              "version": "1.0.0",
              "from": "is-plain-object@1.0.0",
              "dependencies": {
                "isobject": {
                  "version": "0.2.0",
                  "from": "isobject@0.2.0"
                }
              }
            }
          }
        }
      }
    },
    "lodash.assign": {
      "version": "3.2.0",
      "from": "lodash.assign@3.2.0",
      "dependencies": {
        "lodash._baseassign": {
          "version": "3.2.0",
          "from": "lodash._baseassign@3.2.0",
          "dependencies": {
            "lodash._basecopy": {
              "version": "3.0.1",
              "from": "lodash._basecopy@3.0.1"
            }
          }
        },
        "lodash._createassigner": {
          "version": "3.1.1",
          "from": "lodash._createassigner@3.1.1",
          "dependencies": {
            "lodash._bindcallback": {
              "version": "3.0.1",
              "from": "lodash._bindcallback@3.0.1"
            },
            "lodash._isiterateecall": {
              "version": "3.0.8",
              "from": "lodash._isiterateecall@3.0.8"
            },
            "lodash.restparam": {
              "version": "3.6.1",
              "from": "lodash.restparam@3.6.1"
            }
          }
        },
        "lodash.keys": {
          "version": "3.1.0",
          "from": "lodash.keys@3.1.0",
          "dependencies": {
            "lodash._getnative": {
              "version": "3.9.0",
              "from": "lodash._getnative@3.9.0"
            },
            "lodash.isarguments": {
              "version": "3.0.3",
              "from": "lodash.isarguments@3.0.3"
            },
            "lodash.isarray": {
              "version": "3.0.3",
              "from": "lodash.isarray@3.0.3"
            }
          }
        }
      }
    },
    "lodash.difference": {
      "version": "3.2.2",
      "from": "lodash.difference@3.2.2",
      "dependencies": {
        "lodash._basedifference": {
          "version": "3.0.3",
          "from": "lodash._basedifference@3.0.3",
          "dependencies": {
            "lodash._baseindexof": {
              "version": "3.1.0",
              "from": "lodash._baseindexof@3.1.0"
            },
            "lodash._cacheindexof": {
              "version": "3.0.2",
              "from": "lodash._cacheindexof@3.0.2"
            },
            "lodash._createcache": {
              "version": "3.1.2",
              "from": "lodash._createcache@3.1.2",
              "dependencies": {
                "lodash._getnative": {
                  "version": "3.9.1",
                  "from": "lodash._getnative@3.9.1"
                }
              }
            }
          }
        },
        "lodash._baseflatten": {
          "version": "3.1.4",
          "from": "lodash._baseflatten@3.1.4",
          "dependencies": {
            "lodash.isarguments": {
              "version": "3.0.4",
              "from": "lodash.isarguments@3.0.4"
            },
            "lodash.isarray": {
              "version": "3.0.4",
              "from": "lodash.isarray@3.0.4"
            }
          }
        },
        "lodash.restparam": {
          "version": "3.6.1",
          "from": "lodash.restparam@3.6.1"
        }
      }
    },
    "lodash.filter": {
      "version": "3.1.1",
      "from": "lodash.filter@3.1.1",
      "dependencies": {
        "lodash._arrayfilter": {
          "version": "3.0.0",
          "from": "lodash._arrayfilter@3.0.0"
        },
        "lodash._basecallback": {
          "version": "3.3.0",
          "from": "lodash._basecallback@3.3.0",
          "dependencies": {
            "lodash._baseisequal": {
              "version": "3.0.7",
              "from": "lodash._baseisequal@3.0.7",
              "dependencies": {
                "lodash.istypedarray": {
                  "version": "3.0.2",
                  "from": "lodash.istypedarray@3.0.2"
                }
              }
            },
            "lodash._bindcallback": {
              "version": "3.0.1",
              "from": "lodash._bindcallback@3.0.1"
            },
            "lodash.pairs": {
              "version": "3.0.1",
              "from": "lodash.pairs@3.0.1"
            }
          }
        },
        "lodash._basefilter": {
          "version": "3.0.0",
          "from": "lodash._basefilter@3.0.0",
          "dependencies": {
            "lodash._baseeach": {
              "version": "3.0.4",
              "from": "lodash._baseeach@3.0.4"
            }
          }
        },
        "lodash.isarray": {
          "version": "3.0.3",
          "from": "lodash.isarray@3.0.3"
        },
        "lodash.keys": {
          "version": "3.1.0",
          "from": "lodash.keys@3.1.0",
          "dependencies": {
            "lodash._getnative": {
              "version": "3.9.0",
              "from": "lodash._getnative@3.9.0"
            },
            "lodash.isarguments": {
              "version": "3.0.3",
              "from": "lodash.isarguments@3.0.3"
            }
          }
        }
      }
    },
    "lodash.findindex": {
      "version": "3.2.1",
      "from": "lodash.findindex@3.2.1",
      "dependencies": {
        "lodash._basecallback": {
          "version": "3.3.0",
          "from": "lodash._basecallback@3.3.0",
          "dependencies": {
            "lodash._baseisequal": {
              "version": "3.0.7",
              "from": "lodash._baseisequal@3.0.7",
              "dependencies": {
                "lodash.istypedarray": {
                  "version": "3.0.2",
                  "from": "lodash.istypedarray@3.0.2"
                },
                "lodash.keys": {
                  "version": "3.1.0",
                  "from": "lodash.keys@3.1.0",
                  "dependencies": {
                    "lodash._getnative": {
                      "version": "3.9.0",
                      "from": "lodash._getnative@3.9.0"
                    },
                    "lodash.isarguments": {
                      "version": "3.0.3",
                      "from": "lodash.isarguments@3.0.3"
                    }
                  }
                }
              }
            },
            "lodash._bindcallback": {
              "version": "3.0.1",
              "from": "lodash._bindcallback@3.0.1"
            },
            "lodash.pairs": {
              "version": "3.0.1",
              "from": "lodash.pairs@3.0.1",
              "dependencies": {
                "lodash.keys": {
                  "version": "3.1.0",
                  "from": "lodash.keys@3.1.0",
                  "dependencies": {
                    "lodash._getnative": {
                      "version": "3.9.0",
                      "from": "lodash._getnative@3.9.0"
                    },
                    "lodash.isarguments": {
                      "version": "3.0.3",
                      "from": "lodash.isarguments@3.0.3"
                    }
                  }
                }
              }
            }
          }
        },
        "lodash._basefindindex": {
          "version": "3.6.0",
          "from": "lodash._basefindindex@3.6.0"
        },
        "lodash.isarray": {
          "version": "3.0.3",
          "from": "lodash.isarray@3.0.3"
        }
      }
    },
    "lodash.foreach": {
      "version": "3.0.3",
      "from": "lodash.foreach@3.0.3",
      "dependencies": {
        "lodash._arrayeach": {
          "version": "3.0.0",
          "from": "lodash._arrayeach@3.0.0"
        },
        "lodash._baseeach": {
          "version": "3.0.4",
          "from": "lodash._baseeach@3.0.4",
          "dependencies": {
            "lodash.keys": {
              "version": "3.1.2",
              "from": "lodash.keys@3.1.2",
              "dependencies": {
                "lodash._getnative": {
                  "version": "3.9.1",
                  "from": "lodash._getnative@3.9.1"
                },
                "lodash.isarguments": {
                  "version": "3.0.4",
                  "from": "lodash.isarguments@3.0.4"
                }
              }
            }
          }
        },
        "lodash._bindcallback": {
          "version": "3.0.1",
          "from": "lodash._bindcallback@3.0.1"
        },
        "lodash.isarray": {
          "version": "3.0.4",
          "from": "lodash.isarray@3.0.4"
        }
      }
    },
    "lodash.max": {
      "version": "3.4.0",
      "from": "lodash.max@3.4.0",
      "dependencies": {
        "lodash._basecallback": {
          "version": "3.3.1",
          "from": "lodash._basecallback@3.3.1",
          "dependencies": {
            "lodash._baseisequal": {
              "version": "3.0.7",
              "from": "lodash._baseisequal@3.0.7",
              "dependencies": {
                "lodash.istypedarray": {
                  "version": "3.0.2",
                  "from": "lodash.istypedarray@3.0.2"
                }
              }
            },
            "lodash._bindcallback": {
              "version": "3.0.1",
              "from": "lodash._bindcallback@3.0.1"
            },
            "lodash.pairs": {
              "version": "3.0.1",
              "from": "lodash.pairs@3.0.1"
            }
          }
        },
        "lodash._baseeach": {
          "version": "3.0.4",
          "from": "lodash._baseeach@3.0.4"
        },
        "lodash._isiterateecall": {
          "version": "3.0.9",
          "from": "lodash._isiterateecall@3.0.9"
        },
        "lodash._toiterable": {
          "version": "3.0.4",
          "from": "lodash._toiterable@3.0.4",
          "dependencies": {
            "lodash._basevalues": {
              "version": "3.0.0",
              "from": "lodash._basevalues@3.0.0"
            }
          }
        },
        "lodash.gt": {
          "version": "3.9.0",
          "from": "lodash.gt@3.9.0"
        },
        "lodash.isarray": {
          "version": "3.0.4",
          "from": "lodash.isarray@3.0.4"
        },
        "lodash.keys": {
          "version": "3.1.2",
          "from": "lodash.keys@3.1.2",
          "dependencies": {
            "lodash._getnative": {
              "version": "3.9.1",
              "from": "lodash._getnative@3.9.1"
            },
            "lodash.isarguments": {
              "version": "3.0.4",
              "from": "lodash.isarguments@3.0.4"
            }
          }
        }
      }
    },
    "lodash.omit": {
      "version": "3.1.0",
      "from": "lodash.omit@3.1.0",
      "dependencies": {
        "lodash._arraymap": {
          "version": "3.0.0",
          "from": "lodash._arraymap@3.0.0"
        },
        "lodash._basedifference": {
          "version": "3.0.2",
          "from": "lodash._basedifference@3.0.2",
          "dependencies": {
            "lodash._baseindexof": {
              "version": "3.1.0",
              "from": "lodash._baseindexof@3.1.0"
            },
            "lodash._cacheindexof": {
              "version": "3.0.2",
              "from": "lodash._cacheindexof@3.0.2"
            },
            "lodash._createcache": {
              "version": "3.1.1",
              "from": "lodash._createcache@3.1.1",
              "dependencies": {
                "lodash._getnative": {
                  "version": "3.9.0",
                  "from": "lodash._getnative@3.9.0"
                }
              }
            }
          }
        },
        "lodash._baseflatten": {
          "version": "3.1.3",
          "from": "lodash._baseflatten@3.1.3",
          "dependencies": {
            "lodash.isarguments": {
              "version": "3.0.3",
              "from": "lodash.isarguments@3.0.3"
            },
            "lodash.isarray": {
              "version": "3.0.3",
              "from": "lodash.isarray@3.0.3"
            }
          }
        },
        "lodash._bindcallback": {
          "version": "3.0.1",
          "from": "lodash._bindcallback@3.0.1"
        },
        "lodash._pickbyarray": {
          "version": "3.0.2",
          "from": "lodash._pickbyarray@3.0.2"
        },
        "lodash._pickbycallback": {
          "version": "3.0.0",
          "from": "lodash._pickbycallback@3.0.0",
          "dependencies": {
            "lodash._basefor": {
              "version": "3.0.2",
              "from": "lodash._basefor@3.0.2"
            }
          }
        },
        "lodash.keysin": {
          "version": "3.0.7",
          "from": "lodash.keysin@3.0.7",
          "dependencies": {
            "lodash.isarguments": {
              "version": "3.0.3",
              "from": "lodash.isarguments@3.0.3"
            },
            "lodash.isarray": {
              "version": "3.0.3",
              "from": "lodash.isarray@3.0.3"
            }
          }
        },
        "lodash.restparam": {
          "version": "3.6.1",
          "from": "lodash.restparam@3.6.1"
        }
      }
    },
    "lodash.pick": {
      "version": "3.1.0",
      "from": "lodash.pick@3.1.0",
      "dependencies": {
        "lodash._baseflatten": {
          "version": "3.1.3",
          "from": "lodash._baseflatten@3.1.3",
          "dependencies": {
            "lodash.isarguments": {
              "version": "3.0.3",
              "from": "lodash.isarguments@3.0.3"
            },
            "lodash.isarray": {
              "version": "3.0.3",
              "from": "lodash.isarray@3.0.3"
            }
          }
        },
        "lodash._bindcallback": {
          "version": "3.0.1",
          "from": "lodash._bindcallback@3.0.1"
        },
        "lodash._pickbyarray": {
          "version": "3.0.2",
          "from": "lodash._pickbyarray@3.0.2"
        },
        "lodash._pickbycallback": {
          "version": "3.0.0",
          "from": "lodash._pickbycallback@3.0.0",
          "dependencies": {
            "lodash._basefor": {
              "version": "3.0.2",
              "from": "lodash._basefor@3.0.2"
            },
            "lodash.keysin": {
              "version": "3.0.7",
              "from": "lodash.keysin@3.0.7",
              "dependencies": {
                "lodash.isarguments": {
                  "version": "3.0.3",
                  "from": "lodash.isarguments@3.0.3"
                },
                "lodash.isarray": {
                  "version": "3.0.3",
                  "from": "lodash.isarray@3.0.3"
                }
              }
            }
          }
        },
        "lodash.restparam": {
          "version": "3.6.1",
          "from": "lodash.restparam@3.6.1"
        }
      }
    },
    "lodash.sortby": {
      "version": "3.1.5",
      "from": "lodash.sortby@3.1.5",
      "dependencies": {
        "lodash._basecallback": {
          "version": "3.3.1",
          "from": "lodash._basecallback@3.3.1",
          "dependencies": {
            "lodash._baseisequal": {
              "version": "3.0.7",
              "from": "lodash._baseisequal@3.0.7",
              "dependencies": {
                "lodash.istypedarray": {
                  "version": "3.0.2",
                  "from": "lodash.istypedarray@3.0.2"
                }
              }
            },
            "lodash._bindcallback": {
              "version": "3.0.1",
              "from": "lodash._bindcallback@3.0.1"
            },
            "lodash.pairs": {
              "version": "3.0.1",
              "from": "lodash.pairs@3.0.1"
            }
          }
        },
        "lodash._basecompareascending": {
          "version": "3.0.2",
          "from": "lodash._basecompareascending@3.0.2"
        },
        "lodash._baseeach": {
          "version": "3.0.4",
          "from": "lodash._baseeach@3.0.4"
        },
        "lodash._basesortby": {
          "version": "3.0.0",
          "from": "lodash._basesortby@3.0.0"
        },
        "lodash._isiterateecall": {
          "version": "3.0.9",
          "from": "lodash._isiterateecall@3.0.9"
        },
        "lodash.isarray": {
          "version": "3.0.4",
          "from": "lodash.isarray@3.0.4"
        },
        "lodash.keys": {
          "version": "3.1.2",
          "from": "lodash.keys@3.1.2",
          "dependencies": {
            "lodash._getnative": {
              "version": "3.9.1",
              "from": "lodash._getnative@3.9.1"
            },
            "lodash.isarguments": {
              "version": "3.0.4",
              "from": "lodash.isarguments@3.0.4"
            }
          }
        }
      }
    },
    "lodash.template": {
      "version": "3.6.2",
      "from": "lodash.template@3.6.2",
      "dependencies": {
        "lodash._basecopy": {
          "version": "3.0.1",
          "from": "lodash._basecopy@3.0.1"
        },
        "lodash._basetostring": {
          "version": "3.0.1",
          "from": "lodash._basetostring@3.0.1"
        },
        "lodash._basevalues": {
          "version": "3.0.0",
          "from": "lodash._basevalues@3.0.0"
        },
        "lodash._isiterateecall": {
          "version": "3.0.9",
          "from": "lodash._isiterateecall@3.0.9"
        },
        "lodash._reinterpolate": {
          "version": "3.0.0",
          "from": "lodash._reinterpolate@3.0.0"
        },
        "lodash.escape": {
          "version": "3.0.0",
          "from": "lodash.escape@3.0.0"
        },
        "lodash.keys": {
          "version": "3.1.2",
          "from": "lodash.keys@3.1.2",
          "dependencies": {
            "lodash._getnative": {
              "version": "3.9.1",
              "from": "lodash._getnative@3.9.1"
            },
            "lodash.isarguments": {
              "version": "3.0.4",
              "from": "lodash.isarguments@3.0.4"
            },
            "lodash.isarray": {
              "version": "3.0.4",
              "from": "lodash.isarray@3.0.4"
            }
          }
        },
        "lodash.restparam": {
          "version": "3.6.1",
          "from": "lodash.restparam@3.6.1"
        },
        "lodash.templatesettings": {
          "version": "3.1.0",
          "from": "lodash.templatesettings@3.1.0"
        }
      }
    },
    "lodash.uniq": {
      "version": "3.2.2",
      "from": "lodash.uniq@3.2.2",
      "dependencies": {
        "lodash._basecallback": {
          "version": "3.3.1",
          "from": "lodash._basecallback@3.3.1",
          "dependencies": {
            "lodash._baseisequal": {
              "version": "3.0.7",
              "from": "lodash._baseisequal@3.0.7",
              "dependencies": {
                "lodash.istypedarray": {
                  "version": "3.0.2",
                  "from": "lodash.istypedarray@3.0.2"
                },
                "lodash.keys": {
                  "version": "3.1.2",
                  "from": "lodash.keys@3.1.2",
                  "dependencies": {
                    "lodash.isarguments": {
                      "version": "3.0.4",
                      "from": "lodash.isarguments@3.0.4"
                    }
                  }
                }
              }
            },
            "lodash._bindcallback": {
              "version": "3.0.1",
              "from": "lodash._bindcallback@3.0.1"
            },
            "lodash.pairs": {
              "version": "3.0.1",
              "from": "lodash.pairs@3.0.1",
              "dependencies": {
                "lodash.keys": {
                  "version": "3.1.2",
                  "from": "lodash.keys@3.1.2",
                  "dependencies": {
                    "lodash.isarguments": {
                      "version": "3.0.4",
                      "from": "lodash.isarguments@3.0.4"
                    }
                  }
                }
              }
            }
          }
        },
        "lodash._baseuniq": {
          "version": "3.0.3",
          "from": "lodash._baseuniq@3.0.3",
          "dependencies": {
            "lodash._baseindexof": {
              "version": "3.1.0",
              "from": "lodash._baseindexof@3.1.0"
            },
            "lodash._cacheindexof": {
              "version": "3.0.2",
              "from": "lodash._cacheindexof@3.0.2"
            },
            "lodash._createcache": {
              "version": "3.1.2",
              "from": "lodash._createcache@3.1.2"
            }
          }
        },
        "lodash._getnative": {
          "version": "3.9.1",
          "from": "lodash._getnative@3.9.1"
        },
        "lodash._isiterateecall": {
          "version": "3.0.9",
          "from": "lodash._isiterateecall@3.0.9"
        },
        "lodash.isarray": {
          "version": "3.0.4",
          "from": "lodash.isarray@3.0.4"
        }
      }
    },
    "lodash.where": {
      "version": "3.1.0",
      "from": "lodash.where@*",
      "dependencies": {
        "lodash._arrayfilter": {
          "version": "3.0.0",
          "from": "lodash._arrayfilter@>=3.0.0 <4.0.0"
        },
        "lodash._basecallback": {
          "version": "3.3.1",
          "from": "lodash._basecallback@>=3.0.0 <4.0.0",
          "dependencies": {
            "lodash._baseisequal": {
              "version": "3.0.7",
              "from": "lodash._baseisequal@>=3.0.0 <4.0.0",
              "dependencies": {
                "lodash.istypedarray": {
                  "version": "3.0.2",
                  "from": "lodash.istypedarray@>=3.0.0 <4.0.0"
                },
                "lodash.keys": {
                  "version": "3.1.2",
                  "from": "lodash.keys@>=3.0.0 <4.0.0",
                  "dependencies": {
                    "lodash._getnative": {
                      "version": "3.9.1",
                      "from": "lodash._getnative@>=3.0.0 <4.0.0"
                    },
                    "lodash.isarguments": {
                      "version": "3.0.4",
                      "from": "lodash.isarguments@>=3.0.0 <4.0.0"
                    }
                  }
                }
              }
            },
            "lodash._bindcallback": {
              "version": "3.0.1",
              "from": "lodash._bindcallback@>=3.0.0 <4.0.0"
            },
            "lodash.pairs": {
              "version": "3.0.1",
              "from": "lodash.pairs@>=3.0.0 <4.0.0",
              "dependencies": {
                "lodash.keys": {
                  "version": "3.1.2",
                  "from": "lodash.keys@>=3.0.0 <4.0.0",
                  "dependencies": {
                    "lodash._getnative": {
                      "version": "3.9.1",
                      "from": "lodash._getnative@>=3.0.0 <4.0.0"
                    },
                    "lodash.isarguments": {
                      "version": "3.0.4",
                      "from": "lodash.isarguments@>=3.0.0 <4.0.0"
                    }
                  }
                }
              }
            }
          }
        },
        "lodash._basefilter": {
          "version": "3.0.0",
          "from": "lodash._basefilter@>=3.0.0 <4.0.0",
          "dependencies": {
            "lodash._baseeach": {
              "version": "3.0.4",
              "from": "lodash._baseeach@>=3.0.0 <4.0.0",
              "dependencies": {
                "lodash.keys": {
                  "version": "3.1.2",
                  "from": "lodash.keys@>=3.0.0 <4.0.0",
                  "dependencies": {
                    "lodash._getnative": {
                      "version": "3.9.1",
                      "from": "lodash._getnative@>=3.0.0 <4.0.0"
                    },
                    "lodash.isarguments": {
                      "version": "3.0.4",
                      "from": "lodash.isarguments@>=3.0.0 <4.0.0"
                    }
                  }
                }
              }
            }
          }
        },
        "lodash._basematches": {
          "version": "3.2.0",
          "from": "lodash._basematches@>=3.0.0 <4.0.0",
          "dependencies": {
            "lodash._baseismatch": {
              "version": "3.1.3",
              "from": "lodash._baseismatch@>=3.0.0 <4.0.0",
              "dependencies": {
                "lodash._baseisequal": {
                  "version": "3.0.7",
                  "from": "lodash._baseisequal@>=3.0.0 <4.0.0",
                  "dependencies": {
                    "lodash.istypedarray": {
                      "version": "3.0.2",
                      "from": "lodash.istypedarray@>=3.0.0 <4.0.0"
                    },
                    "lodash.keys": {
                      "version": "3.1.2",
                      "from": "lodash.keys@>=3.0.0 <4.0.0",
                      "dependencies": {
                        "lodash._getnative": {
                          "version": "3.9.1",
                          "from": "lodash._getnative@>=3.0.0 <4.0.0"
                        },
                        "lodash.isarguments": {
                          "version": "3.0.4",
                          "from": "lodash.isarguments@>=3.0.0 <4.0.0"
                        }
                      }
                    }
                  }
                }
              }
            },
            "lodash.pairs": {
              "version": "3.0.1",
              "from": "lodash.pairs@>=3.0.0 <4.0.0",
              "dependencies": {
                "lodash.keys": {
                  "version": "3.1.2",
                  "from": "lodash.keys@>=3.0.0 <4.0.0",
                  "dependencies": {
                    "lodash._getnative": {
                      "version": "3.9.1",
                      "from": "lodash._getnative@>=3.0.0 <4.0.0"
                    },
                    "lodash.isarguments": {
                      "version": "3.0.4",
                      "from": "lodash.isarguments@>=3.0.0 <4.0.0"
                    }
                  }
                }
              }
            }
          }
        },
        "lodash.isarray": {
          "version": "3.0.4",
          "from": "lodash.isarray@>=3.0.0 <4.0.0"
        }
      }
    },
    "moment": {
      "version": "2.10.6",
      "from": "moment@2.10.6"
    },
    "multipipe": {
      "version": "0.1.2",
      "from": "multipipe@0.1.2",
      "dependencies": {
        "duplexer2": {
          "version": "0.0.2",
          "from": "duplexer2@0.0.2",
          "dependencies": {
            "readable-stream": {
              "version": "1.1.13",
              "from": "readable-stream@1.1.13",
              "dependencies": {
                "core-util-is": {
                  "version": "1.0.1",
                  "from": "core-util-is@1.0.1"
                },
                "isarray": {
                  "version": "0.0.1",
                  "from": "isarray@0.0.1"
                },
                "string_decoder": {
                  "version": "0.10.31",
                  "from": "string_decoder@0.10.31"
                },
                "inherits": {
                  "version": "2.0.1",
                  "from": "inherits@2.0.1"
                }
              }
            }
          }
        }
      }
    },
    "node-libs-browser": {
      "version": "0.5.2",
      "from": "node-libs-browser@0.5.2",
      "dependencies": {
        "assert": {
          "version": "1.3.0",
          "from": "assert@1.3.0"
        },
        "browserify-zlib": {
          "version": "0.1.4",
          "from": "browserify-zlib@0.1.4",
          "dependencies": {
            "pako": {
              "version": "0.2.6",
              "from": "pako@0.2.6"
            }
          }
        },
        "buffer": {
          "version": "3.2.2",
          "from": "buffer@3.2.2",
          "dependencies": {
            "base64-js": {
              "version": "0.0.8",
              "from": "base64-js@0.0.8"
            },
            "ieee754": {
              "version": "1.1.5",
              "from": "ieee754@1.1.5"
            },
            "is-array": {
              "version": "1.0.1",
              "from": "is-array@1.0.1"
            }
          }
        },
        "console-browserify": {
          "version": "1.1.0",
          "from": "console-browserify@1.1.0",
          "dependencies": {
            "date-now": {
              "version": "0.1.4",
              "from": "date-now@0.1.4"
            }
          }
        },
        "constants-browserify": {
          "version": "0.0.1",
          "from": "constants-browserify@0.0.1"
        },
        "crypto-browserify": {
          "version": "3.2.8",
          "from": "crypto-browserify@3.2.8",
          "dependencies": {
            "pbkdf2-compat": {
              "version": "2.0.1",
              "from": "pbkdf2-compat@2.0.1"
            },
            "ripemd160": {
              "version": "0.2.0",
              "from": "ripemd160@0.2.0"
            },
            "sha.js": {
              "version": "2.2.6",
              "from": "sha.js@2.2.6"
            }
          }
        },
        "domain-browser": {
          "version": "1.1.4",
          "from": "domain-browser@1.1.4"
        },
        "events": {
          "version": "1.0.2",
          "from": "events@1.0.2"
        },
        "http-browserify": {
          "version": "1.7.0",
          "from": "http-browserify@1.7.0",
          "dependencies": {
            "Base64": {
              "version": "0.2.1",
              "from": "Base64@0.2.1"
            },
            "inherits": {
              "version": "2.0.1",
              "from": "inherits@2.0.1"
            }
          }
        },
        "https-browserify": {
          "version": "0.0.0",
          "from": "https-browserify@0.0.0"
        },
        "os-browserify": {
          "version": "0.1.2",
          "from": "os-browserify@0.1.2"
        },
        "path-browserify": {
          "version": "0.0.0",
          "from": "path-browserify@0.0.0"
        },
        "process": {
          "version": "0.11.1",
          "from": "process@0.11.1"
        },
        "punycode": {
          "version": "1.3.2",
          "from": "punycode@1.3.2"
        },
        "querystring-es3": {
          "version": "0.2.1",
          "from": "querystring-es3@0.2.1"
        },
        "readable-stream": {
          "version": "1.1.13",
          "from": "readable-stream@1.1.13",
          "dependencies": {
            "core-util-is": {
              "version": "1.0.1",
              "from": "core-util-is@>=1.0.0 <1.1.0"
            },
            "isarray": {
              "version": "0.0.1",
              "from": "isarray@0.0.1"
            },
            "inherits": {
              "version": "2.0.1",
              "from": "inherits@2.0.1"
            }
          }
        },
        "stream-browserify": {
          "version": "1.0.0",
          "from": "stream-browserify@1.0.0",
          "dependencies": {
            "inherits": {
              "version": "2.0.1",
              "from": "inherits@2.0.1"
            }
          }
        },
        "string_decoder": {
          "version": "0.10.31",
          "from": "string_decoder@0.10.31"
        },
        "timers-browserify": {
          "version": "1.4.1",
          "from": "timers-browserify@1.4.1"
        },
        "tty-browserify": {
          "version": "0.0.0",
          "from": "tty-browserify@0.0.0"
        },
        "url": {
          "version": "0.10.3",
          "from": "url@0.10.3",
          "dependencies": {
            "querystring": {
              "version": "0.2.0",
              "from": "querystring@0.2.0"
            }
          }
        },
        "util": {
          "version": "0.10.3",
          "from": "util@0.10.3",
          "dependencies": {
            "inherits": {
              "version": "2.0.1",
              "from": "inherits@2.0.1"
            }
          }
        },
        "vm-browserify": {
          "version": "0.0.4",
          "from": "vm-browserify@0.0.4",
          "dependencies": {
            "indexof": {
              "version": "0.0.1",
              "from": "indexof@0.0.1"
            }
          }
        }
      }
    },
    "phone-formatter": {
      "version": "0.0.2",
      "from": "phone-formatter@0.0.2"
    },
    "pubsub-js": {
      "version": "1.5.2",
      "from": "pubsub-js@1.5.2"
    },
    "react": {
      "version": "0.12.2",
      "from": "react@0.12.2",
      "dependencies": {
        "envify": {
          "version": "3.4.0",
          "from": "envify@3.4.0",
          "dependencies": {
            "through": {
              "version": "2.3.7",
              "from": "through@2.3.7"
            },
            "jstransform": {
              "version": "10.1.0",
              "from": "jstransform@10.1.0",
              "dependencies": {
                "base62": {
                  "version": "0.1.1",
                  "from": "base62@0.1.1"
                },
                "esprima-fb": {
                  "version": "13001.1001.0-dev-harmony-fb",
                  "from": "esprima-fb@13001.1001.0-dev-harmony-fb"
                },
                "source-map": {
                  "version": "0.1.31",
                  "from": "source-map@0.1.31",
                  "dependencies": {
                    "amdefine": {
                      "version": "0.1.0",
                      "from": "amdefine@0.1.0"
                    }
                  }
                }
              }
            }
          }
        }
      }
    },
    "react-dnd": {
      "version": "0.9.8",
      "from": "react-dnd@0.9.8",
      "dependencies": {
        "flux": {
          "version": "2.0.3",
          "from": "flux@2.0.3"
        },
        "lodash": {
          "version": "3.9.2",
          "from": "lodash@3.9.2"
        }
      }
    },
    "react-layer-mixin": {
      "version": "0.2.1",
      "from": "react-layer-mixin@0.2.1"
    },
    "react-textarea-autosize": {
      "version": "1.1.0",
      "from": "react-textarea-autosize@1.1.0",
      "dependencies": {
        "object-assign": {
          "version": "2.1.1",
          "from": "object-assign@2.1.1"
        }
      }
    },
    "react-window-mixins": {
      "version": "0.0.6",
      "from": "react-window-mixins@0.0.6",
      "dependencies": {
        "lodash.throttle": {
          "version": "2.4.1",
          "from": "lodash.throttle@2.4.1",
          "dependencies": {
            "lodash.debounce": {
              "version": "2.4.1",
              "from": "lodash.debounce@2.4.1",
              "dependencies": {
                "lodash.now": {
                  "version": "2.4.1",
                  "from": "lodash.now@2.4.1",
                  "dependencies": {
                    "lodash._isnative": {
                      "version": "2.4.1",
                      "from": "lodash._isnative@2.4.1"
                    }
                  }
                }
              }
            },
            "lodash.isfunction": {
              "version": "2.4.1",
              "from": "lodash.isfunction@2.4.1"
            },
            "lodash.isobject": {
              "version": "2.4.1",
              "from": "lodash.isobject@2.4.1",
              "dependencies": {
                "lodash._objecttypes": {
                  "version": "2.4.1",
                  "from": "lodash._objecttypes@2.4.1"
                }
              }
            }
          }
        }
      }
    },
    "react-zeroclipboard": {
      "version": "0.4.1",
      "from": "react-zeroclipboard@0.4.1",
      "dependencies": {
        "envify": {
          "version": "3.4.0",
          "from": "envify@3.4.0",
          "dependencies": {
            "through": {
              "version": "2.3.7",
              "from": "through@2.3.7"
            },
            "jstransform": {
              "version": "10.1.0",
              "from": "jstransform@10.1.0",
              "dependencies": {
                "base62": {
                  "version": "0.1.1",
                  "from": "base62@0.1.1"
                },
                "esprima-fb": {
                  "version": "13001.1001.0-dev-harmony-fb",
                  "from": "esprima-fb@13001.1001.0-dev-harmony-fb"
                },
                "source-map": {
                  "version": "0.1.31",
                  "from": "source-map@0.1.31",
                  "dependencies": {
                    "amdefine": {
                      "version": "0.1.0",
                      "from": "amdefine@0.1.0"
                    }
                  }
                }
              }
            }
          }
        }
      }
    },
    "reflux": {
      "version": "0.2.11",
      "from": "reflux@0.2.11",
      "dependencies": {
        "eventemitter3": {
          "version": "1.1.1",
          "from": "eventemitter3@1.1.1"
        }
      }
    },
    "superagent": {
      "version": "0.21.0",
      "from": "superagent@0.21.0",
      "dependencies": {
        "qs": {
          "version": "1.2.0",
          "from": "qs@1.2.0"
        },
        "formidable": {
          "version": "1.0.14",
          "from": "formidable@1.0.14"
        },
        "mime": {
          "version": "1.2.11",
          "from": "mime@1.2.11"
        },
        "component-emitter": {
          "version": "1.1.2",
          "from": "component-emitter@1.1.2"
        },
        "methods": {
          "version": "1.0.1",
          "from": "methods@1.0.1"
        },
        "cookiejar": {
          "version": "2.0.1",
          "from": "cookiejar@2.0.1"
        },
        "debug": {
          "version": "2.2.0",
          "from": "debug@2.2.0",
          "dependencies": {
            "ms": {
              "version": "0.7.1",
              "from": "ms@0.7.1"
            }
          }
        },
        "reduce-component": {
          "version": "1.0.1",
          "from": "reduce-component@1.0.1"
        },
        "extend": {
          "version": "1.2.1",
          "from": "extend@1.2.1"
        },
        "form-data": {
          "version": "0.1.3",
          "from": "form-data@0.1.3",
          "dependencies": {
            "combined-stream": {
              "version": "0.0.7",
              "from": "combined-stream@0.0.7",
              "dependencies": {
                "delayed-stream": {
                  "version": "0.0.5",
                  "from": "delayed-stream@0.0.5"
                }
              }
            },
            "async": {
              "version": "0.9.2",
              "from": "async@0.9.2"
            }
          }
        },
        "readable-stream": {
          "version": "1.0.27-1",
          "from": "readable-stream@1.0.27-1",
          "dependencies": {
            "core-util-is": {
              "version": "1.0.1",
              "from": "core-util-is@1.0.1"
            },
            "isarray": {
              "version": "0.0.1",
              "from": "isarray@0.0.1"
            },
            "string_decoder": {
              "version": "0.10.31",
              "from": "string_decoder@0.10.31"
            },
            "inherits": {
              "version": "2.0.1",
              "from": "inherits@2.0.1"
            }
          }
        }
      }
    },
    "tether": {
      "version": "0.6.5",
      "from": "tether@0.6.5"
    },
    "url-template": {
      "version": "2.0.6",
      "from": "url-template@2.0.6"
    },
    "validator": {
      "version": "3.43.0",
      "from": "validator@3.43.0"
    }
  }
}